
Microsoft Visual Studio Solution File, Format Version 12.00
# Visual Studio Version 17
VisualStudioVersion = 17.0.32126.317
MinimumVisualStudioVersion = 10.0.40219.1
Project("{9A19103F-16F7-4668-BE54-9A1E7A4F7556}") = "PlayPlan", "PlayPlan\PlayPlan.csproj", "{1A9417AA-F243-47AF-AE05-67723CF76BA1}"
EndProject
Project("{2150E333-8FDC-42A3-9474-1A3956D46DE8}") = "Tests", "Tests", "{79EBECED-AF3F-407C-9750-E9F89F5FABA8}"
EndProject
Project("{9A19103F-16F7-4668-BE54-9A1E7A4F7556}") = "PlayPlan.Test", "PlayPlan.Test\PlayPlan.Test.csproj", "{C012376A-C994-42D2-BD40-46DB7B1B3DD6}"
EndProject
Global
	GlobalSection(SolutionConfigurationPlatforms) = preSolution
		Debug|Any CPU = Debug|Any CPU
		Release|Any CPU = Release|Any CPU
	EndGlobalSection
	GlobalSection(ProjectConfigurationPlatforms) = postSolution
		{1A9417AA-F243-47AF-AE05-67723CF76BA1}.Debug|Any CPU.ActiveCfg = Debug|Any CPU
		{1A9417AA-F243-47AF-AE05-67723CF76BA1}.Debug|Any CPU.Build.0 = Debug|Any CPU
		{1A9417AA-F243-47AF-AE05-67723CF76BA1}.Release|Any CPU.ActiveCfg = Release|Any CPU
		{1A9417AA-F243-47AF-AE05-67723CF76BA1}.Release|Any CPU.Build.0 = Release|Any CPU
		{C012376A-C994-42D2-BD40-46DB7B1B3DD6}.Debug|Any CPU.ActiveCfg = Debug|Any CPU
		{C012376A-C994-42D2-BD40-46DB7B1B3DD6}.Debug|Any CPU.Build.0 = Debug|Any CPU
		{C012376A-C994-42D2-BD40-46DB7B1B3DD6}.Release|Any CPU.ActiveCfg = Release|Any CPU
		{C012376A-C994-42D2-BD40-46DB7B1B3DD6}.Release|Any CPU.Build.0 = Release|Any CPU
	EndGlobalSection
	GlobalSection(SolutionProperties) = preSolution
		HideSolutionNode = FALSE
	EndGlobalSection
	GlobalSection(NestedProjects) = preSolution
		{C012376A-C994-42D2-BD40-46DB7B1B3DD6} = {79EBECED-AF3F-407C-9750-E9F89F5FABA8}
	EndGlobalSection
	GlobalSection(ExtensibilityGlobals) = postSolution
		SolutionGuid = {3BFD4F94-3384-45BF-8582-A6F5F4A26E7E}
	EndGlobalSection
EndGlobal
